code.soquee.net/otp v0.0.1 h1:sPALeimyp/DAj4MXMjj94QDdYN/y2+dSoMXQCxttpvw=
code.soquee.net/otp v0.0.1/go.mod h1:sv1t9zLujoOZ8T14ty2ffdj6y+fjScwX7m76G+dzrm0=
github.com/BurntSushi/toml v0.3.1/go.mod h1:xHWCNGjB5oqiDr8zfno3MHue2Ht5sIBksp03qcyfWMU=
github.com/BurntSushi/toml v0.3.2-0.20210614224209-34d990aa228d/go.mod h1:2QZjSXA5e+XyFeCAxxtL8Z4StYUsTquL8ODGPR3C3MA=
github.com/BurntSushi/toml v0.3.2-0.20210621044154-20a94d639b8e/go.mod h1:t4zg8TkHfP16Vb3x4WKIw7zVYMit5QFtPEO8lOWxzTg=
github.com/BurntSushi/toml v0.3.2-0.20210624061728-01bfc69d1057 h1:8z/408qViefl9QOi3iih986OuZyOGSEp6f0aCAtwPWM=
github.com/BurntSushi/toml v0.3.2-0.20210624061728-01bfc69d1057/go.mod h1:NMj2lD5LfMqcE0w8tnqOsH6944oaqpI1974lrIwerfE=
github.com/BurntSushi/toml-test v0.1.1-0.20210620192437-de01089bbf76/go.mod h1:P/PrhmZ37t5llHfDuiouWXtFgqOoQ12SAh9j6EjrBR4=
github.com/BurntSushi/toml-test v0.1.1-0.20210624055653-1f6389604dc6 h1:hRkQ1B9Jtdssyzo0Cr3EgS2WMwPscGNrCDNCeYshAQA=
github.com/BurntSushi/toml-test v0.1.1-0.20210624055653-1f6389604dc6/go.mod h1:UAIt+Eo8itMZAAgImXkPGDMYsT1SsJkVdB5TuONl86A=
github.com/PuerkitoBio/goquery v1.7.1 h1:oE+T06D+1T7LNrn91B4aERsRIeCLJ/oPSa6xB9FPnz4=
github.com/PuerkitoBio/goquery v1.7.1/go.mod h1:XY0pP4kfraEmmV1O7Uf6XyjoslwsneBbgeDjLYuN8xY=
github.com/andybalholm/cascadia v1.2.0 h1:vuRCkM5Ozh/BfmsaTm26kbjm0mIOM3yS5Ek/F5h18aE=
github.com/andybalholm/cascadia v1.2.0/go.mod h1:YCyR8vOZT9aZ1CHEd8ap0gMVm2aFgxBp0T0eFw1RUQY=
github.com/bmatcuk/doublestar/v3 v3.0.0 h1:TQtVPlDnAYwcrVNB2JiGuMc++H5qzWZd9PhkNo5WyHI=
github.com/bmatcuk/doublestar/v3 v3.0.0/go.mod h1:6PcTVMw80pCY1RVuoqu3V++99uQB3vsSYKPTd8AWA0k=
github.com/boombuler/barcode v1.0.1 h1:NDBbPmhS+EqABEs5Kg3n/5ZNjy73Pz7SIV+KCeqyXcs=
github.com/boombuler/barcode v1.0.1/go.mod h1:paBWMcWSl3LHKBqUq+rly7CNSldXjb2rDl3JlRe0mD8=
github.com/davecgh/go-spew v1.1.0 h1:ZDRjVQ15GmhC3fiQ8ni8+OwkZQO4DARzQgrnXU1Liz8=
github.com/davecgh/go-spew v1.1.0/go.mod h1:J7Y8YcW2NihsgmVo/mv3lAwl/skON4iLHjSsI+c5H38=
github.com/fsnotify/fsnotify v1.4.9 h1:hsms1Qyu0jgnwNXIxa+/V/PDsU6CfLf6CNO8H7IWoS4=
github.com/fsnotify/fsnotify v1.4.9/go.mod h1:znqG4EE+3YCdAaPaxE2ZRY/06pZUdp0tY4IgpuI1SZQ=
github.com/go-chi/chi/v5 v5.0.4 h1:5e494iHzsYBiyXQAHHuI4tyJS9M3V84OuX3ufIIGHFo=
github.com/go-chi/chi/v5 v5.0.4/go.mod h1:DslCQbL2OYiznFReuXYUmQ2hGd1aDpCnlMNITLSKoi8=
github.com/go-sql-driver/mysql v1.5.0 h1:ozyZYNQW3x3HtqT1jira07DN2PArx2v7/mN66gGcHOs=
github.com/go-sql-driver/mysql v1.5.0/go.mod h1:DCzpHaOWr8IXmIStZouvnhqoel9Qv2LBy8hT2VhHyBg=
github.com/google/uuid v1.3.0 h1:t6JiXgmwXMjEs8VusXIJk2BXHsn+wx8BZdTaoZ5fu7I=
github.com/google/uuid v1.3.0/go.mod h1:TIyPZe4MgqvfeYDBFedMoGGpEw/LqOeaOT+nhxU+yHo=
github.com/jinzhu/now v1.1.2 h1:eVKgfIdy9b6zbWBMgFpfDPoAMifwSZagU9HmEU6zgiI=
github.com/jinzhu/now v1.1.2/go.mod h1:d3SSVoowX0Lcu0IBviAWJpolVfI5UJVZZ7cO71lE/z8=
github.com/jmoiron/sqlx v1.3.1 h1:aLN7YINNZ7cYOPK3QC83dbM6KT0NMqVMw961TqrejlE=
github.com/jmoiron/sqlx v1.3.1/go.mod h1:2BljVx/86SuTyjE+aPYlHCTNvZrnJXghYGpNiXLBMCQ=
github.com/lib/pq v1.2.0/go.mod h1:5WUZQaWbwv1U+lTReE5YruASi9Al49XbQIvNi/34Woo=
github.com/lib/pq v1.9.0 h1:L8nSXQQzAYByakOFMTwpjRoHsMJklur4Gi59b6VivR8=
github.com/lib/pq v1.9.0/go.mod h1:AlVN5x4E4T544tWzH6hKfbfQvm3HdbOxrmggDNAPY9o=
github.com/monoculum/formam v0.0.0-20210131081218-41b48e2a724b/go.mod h1:JKa2av1XVkGjhxdLS59nDoXa2JpmIHpnURWNbzCtXtc=
github.com/monoculum/formam v3.5.5+incompatible h1:iPl5csfEN96G2N2mGu8V/ZB62XLf9ySTpC8KRH6qXec=
github.com/monoculum/formam v3.5.5+incompatible/go.mod h1:RKgILGEJq24YyJ2ban8EO0RUVSJlF1pGsEvoLEACr/Q=
github.com/pmezard/go-difflib v1.0.0 h1:4DBwDE0NGyQoBHbLQYPwSUPoCMWR5BEzIk/f1lZbAQM=
github.com/pmezard/go-difflib v1.0.0/go.mod h1:iKH77koFhYxTK1pcRnkKkqfTogsbg7gZNVY4sRDYZ/4=
github.com/russross/blackfriday/v2 v2.1.0 h1:JIOH55/0cWyOuilr9/qlrm0BSXldqnqwMsf35Ld67mk=
github.com/russross/blackfriday/v2 v2.1.0/go.mod h1:+Rmxgy9KzJVeS9/2gXHxylqXiyQDYRxCVz55jmeOWTM=
github.com/stretchr/objx v0.1.0/go.mod h1:HFkY916IF+rwdDfMAkV7OtwuqBVzrE8GR6GFx+wExME=
github.com/stretchr/testify v1.6.1 h1:hDPOHmpOpP40lSULcqw7IrRb/u7w6RpDC9399XyoNd0=
github.com/stretchr/testify v1.6.1/go.mod h1:6Fq8oRcR53rry900zMqJjRRixrwX3KX962/h/Wwjteg=
github.com/teamwork/reload v1.3.2 h1:Cfo305GjPi859SWLzh728H/4ovl1qkDndv48QFRjLLA=
github.com/teamwork/reload v1.3.2/go.mod h1:xR3BcLHeCmLBX/2jKDG2vWOLTcql3+aah4puN18lmTo=
github.com/yuin/goldmark v1.2.1/go.mod h1:3hX8gzYuyVAZsxl0MRgGTJEmQBFcNTphYh9decYSb74=
github.com/yuin/goldmark v1.3.5/go.mod h1:mwnBkeHKe2W/ZEtQ+71ViKU8L12m81fl3OWwC1Zlc8k=
github.com/yuin/goldmark v1.4.0/go.mod h1:mwnBkeHKe2W/ZEtQ+71ViKU8L12m81fl3OWwC1Zlc8k=
github.com/zgoat/geoip2-golang v1.4.1-0.20201227124715-9eb17ed0da06 h1:/md7SQZ+4voVLjIopx8nKqpnxWJ0hhjsPHRVx2yJcx0=
github.com/zgoat/geoip2-golang v1.4.1-0.20201227124715-9eb17ed0da06/go.mod h1:G1gi89KVrG9jLzIPvR7hk/0pg0zfzp+FeRWnYzyF9c0=
github.com/zgoat/go-sqlite3 v1.13.1-0.20210919090901-28392ef30942 h1:i6GaowBbPYXf/IT2Og4ZOfVELEr63ITMymSd+Nd91xg=
github.com/zgoat/go-sqlite3 v1.13.1-0.20210919090901-28392ef30942/go.mod h1:NyWgC/yNuGj7Q9rpYnZvas74GogHl5/Z4A/KQRfk6bU=
github.com/zgoat/maxminddb-golang v1.8.1-0.20201227124339-dc03187a9664 h1:hvMqpKZXmzFPQyQd68TH904EyG6RcDLvtSO2kV4o81Q=
github.com/zgoat/maxminddb-golang v1.8.1-0.20201227124339-dc03187a9664/go.mod h1:RXZtst0N6+FY/3qCNmZMBApR19cdQj43/NM9VkrNAis=
golang.org/x/crypto v0.0.0-20190308221718-c2843e01d9a2/go.mod h1:djNgcEr1/C05ACkg1iLfiJU5Ep61QUkGW8qpdssI0+w=
golang.org/x/crypto v0.0.0-20191011191535-87dc89f01550/go.mod h1:yigFU9vqHzYiE8UmvKecakEJjdnWj3jj499lnFckfCI=
golang.org/x/crypto v0.0.0-20200510223506-06a226fb4e37/go.mod h1:LzIPMQfyMNhhGPhUkYOs5KpL4U8rLKemX1yGLhDgUto=
golang.org/x/crypto v0.0.0-20200622213623-75b288015ac9/go.mod h1:LzIPMQfyMNhhGPhUkYOs5KpL4U8rLKemX1yGLhDgUto=
golang.org/x/crypto v0.0.0-20210921155107-089bfa567519 h1:7I4JAnoQBe7ZtJcBaYHi5UtiO8tQHbUSXxL+pnGRANg=
golang.org/x/crypto v0.0.0-20210921155107-089bfa567519/go.mod h1:GvvjBRRGRdwPK5ydBHafDWAxML/pGHZbMvKqRZ5+Abc=
golang.org/x/image v0.0.0-20210628002857-a66eb6448b8d h1:RNPAfi2nHY7C2srAV8A49jpsYr0ADedCk1wq6fTMTvs=
golang.org/x/image v0.0.0-20210628002857-a66eb6448b8d/go.mod h1:023OzeP/+EPmXeapQh35lcL3II3LrY8Ic+EFFKVhULM=
golang.org/x/mod v0.3.0/go.mod h1:s0Qsj1ACt9ePp/hMypM3fl4fZqREWJwdYDEqhRiZZUA=
golang.org/x/mod v0.4.2 h1:Gz96sIWK3OalVv/I/qNygP42zyoKp3xptRVCWRFEBvo=
golang.org/x/mod v0.4.2/go.mod h1:s0Qsj1ACt9ePp/hMypM3fl4fZqREWJwdYDEqhRiZZUA=
golang.org/x/net v0.0.0-20180218175443-cbe0f9307d01/go.mod h1:mL1N/T3taQHkDXs73rZJwtUhF3w3ftmwwsq0BUmARs4=
golang.org/x/net v0.0.0-20190404232315-eb5bcb51f2a3/go.mod h1:t9HGtf8HONx5eT2rtn7q6eTqICYqUVnKs3thJo3Qplg=
golang.org/x/net v0.0.0-20190620200207-3b0461eec859/go.mod h1:z5CRVTTTmAJ677TzLLGU+0bjPO0LkuOLi4/5GtJWs/s=
golang.org/x/net v0.0.0-20201021035429-f5854403a974/go.mod h1:sp8m0HH+o8qH0wwXwYZr8TS3Oi6o0r6Gce1SSxlDquU=
golang.org/x/net v0.0.0-20210226172049-e18ecbb05110/go.mod h1:m0MpNAwzfU5UDzcl9v0D8zg8gWTRqZa9RBIspLL5mdg=
golang.org/x/net v0.0.0-20210405180319-a5a99cb37ef4/go.mod h1:p54w0d4576C0XHj96bSt6lcn1PtDYWL6XObtHCRCNQM=
golang.org/x/net v0.0.0-20210614182718-04defd469f4e/go.mod h1:9nx3DQGgdP8bBQD5qxJ1jj9UTztislL4KSBs9R2vV5Y=
golang.org/x/net v0.0.0-20210805182204-aaa1db679c0d/go.mod h1:9nx3DQGgdP8bBQD5qxJ1jj9UTztislL4KSBs9R2vV5Y=
golang.org/x/net v0.0.0-20211007125505-59d4e928ea9d h1:QWMn1lFvU/nZ58ssWqiFJMd3DKIII8NYc4sn708XgKs=
golang.org/x/net v0.0.0-20211007125505-59d4e928ea9d/go.mod h1:9nx3DQGgdP8bBQD5qxJ1jj9UTztislL4KSBs9R2vV5Y=
golang.org/x/sync v0.0.0-20190423024810-112230192c58/go.mod h1:RxMgew5VJxzue5/jJTE5uejpjVlOe/izrB70Jof72aM=
golang.org/x/sync v0.0.0-20201020160332-67f06af15bc9/go.mod h1:RxMgew5VJxzue5/jJTE5uejpjVlOe/izrB70Jof72aM=
golang.org/x/sync v0.0.0-20210220032951-036812b2e83c h1:5KslGYwFpkhGh+Q16bwMP3cOontH8FOep7tGV86Y7SQ=
golang.org/x/sync v0.0.0-20210220032951-036812b2e83c/go.mod h1:RxMgew5VJxzue5/jJTE5uejpjVlOe/izrB70Jof72aM=
golang.org/x/sys v0.0.0-20190215142949-d0b11bdaac8a/go.mod h1:STP8DvDyc/dI5b8T5hshtkjS+E42TnysNCUPdjciGhY=
golang.org/x/sys v0.0.0-20190412213103-97732733099d/go.mod h1:h1NjWce9XRLGQEsW7wpKNCjG9DtNlClVuFLEZdDNbEs=
golang.org/x/sys v0.0.0-20191005200804-aed5e4c7ecf9/go.mod h1:h1NjWce9XRLGQEsW7wpKNCjG9DtNlClVuFLEZdDNbEs=
golang.org/x/sys v0.0.0-20191224085550-c709ea063b76/go.mod h1:h1NjWce9XRLGQEsW7wpKNCjG9DtNlClVuFLEZdDNbEs=
golang.org/x/sys v0.0.0-20200519105757-fe76b779f299/go.mod h1:h1NjWce9XRLGQEsW7wpKNCjG9DtNlClVuFLEZdDNbEs=
golang.org/x/sys v0.0.0-20200930185726-fdedc70b468f/go.mod h1:h1NjWce9XRLGQEsW7wpKNCjG9DtNlClVuFLEZdDNbEs=
golang.org/x/sys v0.0.0-20201119102817-f84b799fce68/go.mod h1:h1NjWce9XRLGQEsW7wpKNCjG9DtNlClVuFLEZdDNbEs=
golang.org/x/sys v0.0.0-20210119212857-b64e53b001e4/go.mod h1:h1NjWce9XRLGQEsW7wpKNCjG9DtNlClVuFLEZdDNbEs=
golang.org/x/sys v0.0.0-20210330210617-4fbd30eecc44/go.mod h1:h1NjWce9XRLGQEsW7wpKNCjG9DtNlClVuFLEZdDNbEs=
golang.org/x/sys v0.0.0-20210423082822-04245dca01da/go.mod h1:h1NjWce9XRLGQEsW7wpKNCjG9DtNlClVuFLEZdDNbEs=
golang.org/x/sys v0.0.0-20210510120138-977fb7262007/go.mod h1:oPkhp1MJrh7nUepCBck5+mAzfO9JrbApNNgaTdGDITg=
golang.org/x/sys v0.0.0-20210615035016-665e8c7367d1/go.mod h1:oPkhp1MJrh7nUepCBck5+mAzfO9JrbApNNgaTdGDITg=
golang.org/x/sys v0.0.0-20210809222454-d867a43fc93e h1:WUoyKPm6nCo1BnNUvPGnFG3T5DUVem42yDJZZ4CNxMA=
golang.org/x/sys v0.0.0-20210809222454-d867a43fc93e/go.mod h1:oPkhp1MJrh7nUepCBck5+mAzfO9JrbApNNgaTdGDITg=
golang.org/x/term v0.0.0-20201126162022-7de9c90e9dd1/go.mod h1:bj7SfCRtBDWHUb9snDiAeCFNEtKQo2Wmx5Cou7ajbmo=
golang.org/x/term v0.0.0-20201126162022-7de9c90e9dd1/go.mod h1:bj7SfCRtBDWHUb9snDiAeCFNEtKQo2Wmx5Cou7ajbmo=
golang.org/x/term v0.0.0-20210317153231-de623e64d2a6 h1:EC6+IGYTjPpRfv9a2b/6Puw0W+hLtAhkV1tPsXhutqs=
golang.org/x/term v0.0.0-20210317153231-de623e64d2a6/go.mod h1:bj7SfCRtBDWHUb9snDiAeCFNEtKQo2Wmx5Cou7ajbmo=
golang.org/x/text v0.3.0/go.mod h1:NqM8EUOU14njkJ3fqMW+pc6Ldnwhi/IjpwHt7yyuwOQ=
golang.org/x/text v0.3.3/go.mod h1:5Zoc/QRtKVWzQhOtBMvqHzDpF6irO9z98xDceosuGiQ=
golang.org/x/text v0.3.6/go.mod h1:5Zoc/QRtKVWzQhOtBMvqHzDpF6irO9z98xDceosuGiQ=
golang.org/x/text v0.3.7 h1:olpwvP2KacW1ZWvsR7uQhoyTYvKAupfQrRGBFM352Gk=
golang.org/x/text v0.3.7/go.mod h1:u+2+/6zg+i71rQMx5EYifcz6MCKuco9NR6JIITiCfzQ=
golang.org/x/tools v0.0.0-20180917221912-90fa682c2a6e/go.mod h1:n7NCudcB/nEzxVGmLbDWY5pfWTLqBcC2KZ6jyYvM4mQ=
golang.org/x/tools v0.0.0-20191119224855-298f0cb1881e/go.mod h1:b+2E5dAYhXwXZwtnZ6UAqBI28+e2cm9otk0dWdXHAEo=
golang.org/x/tools v0.1.0/go.mod h1:xkSsbof2nBLbhDlRMhhhyNLN/zl3eTqcnHD5viDpcZ0=
golang.org/x/tools v0.1.1/go.mod h1:o0xws9oXOQQZyjljx8fwUC0k7L1pTE6eaCbjGeHmOkk=
golang.org/x/tools v0.1.7 h1:6j8CgantCy3yc8JGBqkDLMKWqZ0RDU2g1HVgacojGWQ=
golang.org/x/tools v0.1.7/go.mod h1:LGqMHiF4EqQNHR1JncWGqT5BVaXmza+X+BDGol+dOxo=
golang.org/x/xerrors v0.0.0-20190717185122-a985d3407aa7/go.mod h1:I/5z698sn9Ka8TeJc9MKroUUfqBBauWjQqLJ2OPfmY0=
golang.org/x/xerrors v0.0.0-20191011141410-1b5146add898/go.mod h1:I/5z698sn9Ka8TeJc9MKroUUfqBBauWjQqLJ2OPfmY0=
golang.org/x/xerrors v0.0.0-20200804184101-5ec99f83aff1 h1:go1bK/D/BFZV2I8cIQd1NKEZ+0owSTG1fDTci4IqFcE=
golang.org/x/xerrors v0.0.0-20200804184101-5ec99f83aff1/go.mod h1:I/5z698sn9Ka8TeJc9MKroUUfqBBauWjQqLJ2OPfmY0=
gopkg.in/check.v1 v0.0.0-20161208181325-20d25e280405/go.mod h1:Co6ibVJAznAaIkqp8huTwlJQCZ016jof/cbN4VW5Yz0=
gopkg.in/yaml.v3 v3.0.0-20200313102051-9f266ea9e77c h1:dUUwHk2QECo/6vqA44rthZ8ie2QXMNeKRTHCNY2nXvo=
gopkg.in/yaml.v3 v3.0.0-20200313102051-9f266ea9e77c/go.mod h1:K4uyk7z7BCEPqu6E+C64Yfv1cQ7kz7rIZviUmN+EgEM=
honnef.co/go/tools v0.2.1 h1:/EPr//+UMMXwMTkXvCCoaJDq8cpjMO80Ou+L4PDo2mY=
honnef.co/go/tools v0.2.1/go.mod h1:lPVVZ2BS5TfnjLyizF7o7hv7j9/L+8cZY2hLyjP9cGY=
zgo.at/blackmail v0.0.0-20210321151525-a218c2f584be h1:Vkm7ZNfN36xw2Rr0tHEW+M1vXPCOYgSzHQNpHFX8ooc=
zgo.at/blackmail v0.0.0-20210321151525-a218c2f584be/go.mod h1:EWa/z/DNEeH3ss1/AyTEXuqFfcUs89Mr971ul8qT9+8=
zgo.at/errors v1.0.1-0.20210313142254-4e0fb19b1249 h1:2omJRHHcR1x7itExvYb2+qmBjtMtEuzCLac5ISYolYI=
zgo.at/errors v1.0.1-0.20210313142254-4e0fb19b1249/go.mod h1:POfgvh1LafF2NZJk6buGYCIhcHWuR/miB3nndyf3ozs=
zgo.at/follow v0.0.0-20201229040459-c683c36702b6 h1:+Oi7Bk4uovBGngL9AEJxOc0rctOofPkGxJdzb2lY8K0=
zgo.at/follow v0.0.0-20201229040459-c683c36702b6/go.mod h1:PiuKBfdQxUV+p/Caa03VAKRxog7os3O/QvCjnDvOQu8=
zgo.at/gadget v0.0.0-20210225052028-befd29935cb7 h1:OzMJ2EHOk7Qzl0YAZSq+GYk33XhjpMjbcBMTrkQ8xrk=
zgo.at/gadget v0.0.0-20210225052028-befd29935cb7/go.mod h1:1x0AKFOjKScVTzJh+V69Ku6hTwvEM56MlnKOtrjMwSo=
zgo.at/guru v1.1.0 h1:hvMLOzPnv7XApwJZgxvFxBA8wb6RGPUw9lz8kmq450g=
zgo.at/guru v1.1.0/go.mod h1:eltnfk6QwmM7ic3OLzmGMjEChP2iLuYXERyliREiA00=
zgo.at/isbot v0.0.0-20210512054941-d1f89ea37986 h1:AmCXNV8YQTYoAW+ygxJZxNb3Fm4D1moLU/txLqyyBYQ=
zgo.at/isbot v0.0.0-20210512054941-d1f89ea37986/go.mod h1:/w+LTWbHsV7G5fT41VnwM0kTdk1H/prynfMqaxcBWjA=
zgo.at/json v0.0.0-20200627042140-d5025253667f h1:o4XL0oDtAzxN+mkVCti8MYz5nLNfbrl17I78rqLWQrk=
zgo.at/json v0.0.0-20200627042140-d5025253667f/go.mod h1:DUuNIRpNC7/cup+Gy0qhwQEjjlLFXXRZ04VnVv9bf3E=
zgo.at/tz v0.0.0-20210320184244-8641ea282782 h1:hjTA0gzsTh4jgBipiGs4XenI4WicjgkTVDod4vfW7Tw=
zgo.at/tz v0.0.0-20210320184244-8641ea282782/go.mod h1:A/XeaYjeMGoXptRB3EcR80tgir37tJnzCb6itDaHPxo=
zgo.at/z18n v0.0.0-20210628021318-311bb2053a95 h1:FoUzA8dOOhNzvBdQSx4D599plHdraRJKoq5+lPCfArs=
zgo.at/z18n v0.0.0-20210628021318-311bb2053a95/go.mod h1:7ctUtUZ2jz398zDeKd1y6XLbQOVosii2bzvG0YCwHP0=
zgo.at/zcache v1.0.1-0.20210412145246-76039d792310 h1:lJ2j+bNqtRmn8TOJDZXqeaTuG856QzYGxXghRPw2iH8=
zgo.at/zcache v1.0.1-0.20210412145246-76039d792310/go.mod h1:xWQo2ha/bamTmx8CbfrZl9Nf8AoT5uNh2hWfbQi8TiE=
zgo.at/zdb v0.0.0-20210512041154-a6be15a82747 h1:iHKXmvRnTCdm1S2/yLD0EfC4ZPUhmzzhsr4FVJYQtzY=
zgo.at/zdb v0.0.0-20210512041154-a6be15a82747/go.mod h1:nSz4c625EtjuzhLwIicUDrBCQ7ZuwIO+Gukflajya58=
zgo.at/zhttp v0.0.0-20211008141613-bca048c56d70 h1:BxyV7jnrSFZv1O/lCUW8JAabhQZqiqQ+Vw8THcgvuJA=
zgo.at/zhttp v0.0.0-20211008141613-bca048c56d70/go.mod h1:F2vshFSnJKQMOHvQEEA4L/9D0P6qkejg4nNR8rrY5l8=
zgo.at/zli v0.0.0-20210619044753-e7020a328e59/go.mod h1:HLAc12TjNGT+VRXr76JnsNE3pbooQtwKWhX+RlDjQ2Y=
zgo.at/zli v0.0.0-20210625065259-d03e49b7c9ea h1:PwF5LB4oarsLjUW0Dwlf4MeOSw1WP1/ti1BUYIGBkKU=
zgo.at/zli v0.0.0-20210625065259-d03e49b7c9ea/go.mod h1:pWkBHZ5qoEmvSDbFYdQMAKaRMEuAtdUKb21k/OOYOJw=
zgo.at/zlog v0.0.0-20201213081304-1dc74ce06e5f/go.mod h1:YkLAQZjLsp1RqWHn8SJokHzXyYU+6FZjM4GNY64IKME=
zgo.at/zlog v0.0.0-20211008102840-46c1167bf2a9 h1:4Ot1ETCZQjEjISFiE+SjhwykNvUTLJfyK/BCoJJidnk=
zgo.at/zlog v0.0.0-20211008102840-46c1167bf2a9/go.mod h1:2Pa5cqKA/6S9FrMFeNowtHPd7JEzqwooLXcxU6Wk7Hc=
zgo.at/zprof v0.0.0-20210408083551-44ef6d69c2ec h1:R3U8bIINWIDwIV6CywAwvHHE9etAZyfZqmHquSYjz2g=
zgo.at/zprof v0.0.0-20210408083551-44ef6d69c2ec/go.mod h1:JqClLxeT9Uui3apqyN3U6KryFanocqM7E3X4Gle2FAU=
zgo.at/zstd v0.0.0-20210310054817-c39eb9b7df25/go.mod h1:bQqcOgaRPCBT7lZ52Ksg9GF1xwi0L97E3AyvW3oGJYE=
zgo.at/zstd v0.0.0-20210320020631-01ce6df76a58/go.mod h1:sQqrTxBwKW0nlwcOg9RxXB8ikY+NBciJnJRPOq/gEuY=
zgo.at/zstd v0.0.0-20210512041107-8951517febd3/go.mod h1:sQqrTxBwKW0nlwcOg9RxXB8ikY+NBciJnJRPOq/gEuY=
zgo.at/zstd v0.0.0-20210628014301-6fe5ffd0474c h1:sMPndKA6uKibnOxI7qeekXJe1/3RjbmPtVpK5ZKyi6U=
zgo.at/zstd v0.0.0-20210628014301-6fe5ffd0474c/go.mod h1:sQqrTxBwKW0nlwcOg9RxXB8ikY+NBciJnJRPOq/gEuY=
zgo.at/zstripe v1.1.1-0.20210407063143-62ac9deebc08 h1:c5+QSfo9AQfeigy/GsUGu+cq5JHJ8qo9KiNRoLeqhX4=
zgo.at/zstripe v1.1.1-0.20210407063143-62ac9deebc08/go.mod h1:bIBaT9rsnc+uWMSf+6UXjDHhlwxLgcU7jahxUMU+j+k=
zgo.at/ztpl v0.0.0-20210521121045-35d7df223188/go.mod h1:acpuolnKwBftb7ISLZGKWm10YFqJ9a9bP3hClIoDglc=
zgo.at/ztpl v0.0.0-20210522104216-89fb2373a16b h1:P8qQPjUBogY0NCiinLnGRvK+CtFt2l7BjCVnWqdHAUg=
zgo.at/ztpl v0.0.0-20210522104216-89fb2373a16b/go.mod h1:mhjSF7+pfwMjNhDgmw9Ywr1CixzeVWuvMjF7gLJT8Uw=
zgo.at/zvalidate v0.0.0-20210627041111-7942ce72d87f h1:gxnihBTZQ8W6tJCvlJCakO2ekiaeI3Dm6UEAzln4qAo=
zgo.at/zvalidate v0.0.0-20210627041111-7942ce72d87f/go.mod h1:WiF1dChwUrGhTRTPCe96HbJSkj9ztxARSgP+tEWAdJ0=
