code.soquee.net/otp v0.0.1 h1:sPALeimyp/DAj4MXMjj94QDdYN/y2+dSoMXQCxttpvw=
code.soquee.net/otp v0.0.1/go.mod h1:sv1t9zLujoOZ8T14ty2ffdj6y+fjScwX7m76G+dzrm0=
github.com/BurntSushi/toml v0.3.1 h1:WXkYYl6Yr3qBf1K79EBnL4mak0OimBfB0XUf9Vl28OQ=
github.com/BurntSushi/toml v0.3.1/go.mod h1:xHWCNGjB5oqiDr8zfno3MHue2Ht5sIBksp03qcyfWMU=
github.com/PuerkitoBio/goquery v1.6.1 h1:FgjbQZKl5HTmcn4sKBgvx8vv63nhyhIpv7lJpFGCWpk=
github.com/PuerkitoBio/goquery v1.6.1/go.mod h1:GsLWisAFVj4WgDibEWF4pvYnkVQBpKBKeU+7zCJoLcc=
github.com/andybalholm/cascadia v1.1.0 h1:BuuO6sSfQNFRu1LppgbD25Hr2vLYW25JvxHs5zzsLTo=
github.com/andybalholm/cascadia v1.1.0/go.mod h1:GsXiBklL0woXo1j/WYWtSYYC4ouU9PqHO0sqidkEA4Y=
github.com/boombuler/barcode v1.0.1 h1:NDBbPmhS+EqABEs5Kg3n/5ZNjy73Pz7SIV+KCeqyXcs=
github.com/boombuler/barcode v1.0.1/go.mod h1:paBWMcWSl3LHKBqUq+rly7CNSldXjb2rDl3JlRe0mD8=
github.com/davecgh/go-spew v1.1.0 h1:ZDRjVQ15GmhC3fiQ8ni8+OwkZQO4DARzQgrnXU1Liz8=
github.com/davecgh/go-spew v1.1.0/go.mod h1:J7Y8YcW2NihsgmVo/mv3lAwl/skON4iLHjSsI+c5H38=
github.com/fsnotify/fsnotify v1.4.9 h1:hsms1Qyu0jgnwNXIxa+/V/PDsU6CfLf6CNO8H7IWoS4=
github.com/fsnotify/fsnotify v1.4.9/go.mod h1:znqG4EE+3YCdAaPaxE2ZRY/06pZUdp0tY4IgpuI1SZQ=
github.com/go-chi/chi v1.5.3 h1:+DVDS9/D3MTbEu3WrrH3oz9oP6PlSPSNj8LLw3X17yU=
github.com/go-chi/chi v1.5.3/go.mod h1:Q8xfe6s3fjZyMr8ZTv5jL+vxhVaFyCq2s+RvSfzTD0E=
github.com/go-sql-driver/mysql v1.5.0 h1:ozyZYNQW3x3HtqT1jira07DN2PArx2v7/mN66gGcHOs=
github.com/go-sql-driver/mysql v1.5.0/go.mod h1:DCzpHaOWr8IXmIStZouvnhqoel9Qv2LBy8hT2VhHyBg=
github.com/google/uuid v1.2.0 h1:qJYtXnJRWmpe7m/3XlyhrsLrEURqHRM2kxzoxXqyUDs=
github.com/google/uuid v1.2.0/go.mod h1:TIyPZe4MgqvfeYDBFedMoGGpEw/LqOeaOT+nhxU+yHo=
github.com/jinzhu/now v1.1.1 h1:g39TucaRWyV3dwDO++eEc6qf8TVIQ/Da48WmqjZ3i7E=
github.com/jinzhu/now v1.1.1/go.mod h1:d3SSVoowX0Lcu0IBviAWJpolVfI5UJVZZ7cO71lE/z8=
github.com/jmoiron/sqlx v1.3.1 h1:aLN7YINNZ7cYOPK3QC83dbM6KT0NMqVMw961TqrejlE=
github.com/jmoiron/sqlx v1.3.1/go.mod h1:2BljVx/86SuTyjE+aPYlHCTNvZrnJXghYGpNiXLBMCQ=
github.com/kisielk/gotool v1.0.0/go.mod h1:XhKaO+MFFWcvkIS/tQcRk01m1F5IRFswLeQ+oQHNcck=
github.com/lib/pq v1.2.0/go.mod h1:5WUZQaWbwv1U+lTReE5YruASi9Al49XbQIvNi/34Woo=
github.com/lib/pq v1.9.0 h1:L8nSXQQzAYByakOFMTwpjRoHsMJklur4Gi59b6VivR8=
github.com/lib/pq v1.9.0/go.mod h1:AlVN5x4E4T544tWzH6hKfbfQvm3HdbOxrmggDNAPY9o=
github.com/monoculum/formam v0.0.0-20210131081218-41b48e2a724b h1:Iwvedi9ZDiJXu125WNj0Xm1fm3VKwbged5BavcLyz0Y=
github.com/monoculum/formam v0.0.0-20210131081218-41b48e2a724b/go.mod h1:JKa2av1XVkGjhxdLS59nDoXa2JpmIHpnURWNbzCtXtc=
github.com/pmezard/go-difflib v1.0.0 h1:4DBwDE0NGyQoBHbLQYPwSUPoCMWR5BEzIk/f1lZbAQM=
github.com/pmezard/go-difflib v1.0.0/go.mod h1:iKH77koFhYxTK1pcRnkKkqfTogsbg7gZNVY4sRDYZ/4=
github.com/stretchr/objx v0.1.0/go.mod h1:HFkY916IF+rwdDfMAkV7OtwuqBVzrE8GR6GFx+wExME=
github.com/stretchr/testify v1.6.1 h1:hDPOHmpOpP40lSULcqw7IrRb/u7w6RpDC9399XyoNd0=
github.com/stretchr/testify v1.6.1/go.mod h1:6Fq8oRcR53rry900zMqJjRRixrwX3KX962/h/Wwjteg=
github.com/teamwork/reload v1.3.2 h1:Cfo305GjPi859SWLzh728H/4ovl1qkDndv48QFRjLLA=
github.com/teamwork/reload v1.3.2/go.mod h1:xR3BcLHeCmLBX/2jKDG2vWOLTcql3+aah4puN18lmTo=
github.com/yuin/goldmark v1.2.1/go.mod h1:3hX8gzYuyVAZsxl0MRgGTJEmQBFcNTphYh9decYSb74=
github.com/zgoat/geoip2-golang v1.4.1-0.20201227124715-9eb17ed0da06 h1:/md7SQZ+4voVLjIopx8nKqpnxWJ0hhjsPHRVx2yJcx0=
github.com/zgoat/geoip2-golang v1.4.1-0.20201227124715-9eb17ed0da06/go.mod h1:G1gi89KVrG9jLzIPvR7hk/0pg0zfzp+FeRWnYzyF9c0=
github.com/zgoat/go-sqlite3 v1.14.6-json h1:oqwtDqwiA1X7CnHT+5tHm10mBWHiP+ZmhikvWLlqpnM=
github.com/zgoat/go-sqlite3 v1.14.6-json/go.mod h1:NyWgC/yNuGj7Q9rpYnZvas74GogHl5/Z4A/KQRfk6bU=
github.com/zgoat/maxminddb-golang v1.8.1-0.20201227124339-dc03187a9664 h1:hvMqpKZXmzFPQyQd68TH904EyG6RcDLvtSO2kV4o81Q=
github.com/zgoat/maxminddb-golang v1.8.1-0.20201227124339-dc03187a9664/go.mod h1:RXZtst0N6+FY/3qCNmZMBApR19cdQj43/NM9VkrNAis=
golang.org/x/crypto v0.0.0-20190308221718-c2843e01d9a2/go.mod h1:djNgcEr1/C05ACkg1iLfiJU5Ep61QUkGW8qpdssI0+w=
golang.org/x/crypto v0.0.0-20191011191535-87dc89f01550/go.mod h1:yigFU9vqHzYiE8UmvKecakEJjdnWj3jj499lnFckfCI=
golang.org/x/crypto v0.0.0-20200510223506-06a226fb4e37/go.mod h1:LzIPMQfyMNhhGPhUkYOs5KpL4U8rLKemX1yGLhDgUto=
golang.org/x/crypto v0.0.0-20200622213623-75b288015ac9/go.mod h1:LzIPMQfyMNhhGPhUkYOs5KpL4U8rLKemX1yGLhDgUto=
golang.org/x/crypto v0.0.0-20210220033148-5ea612d1eb83 h1:/ZScEX8SfEmUGRHs0gxpqteO5nfNW6axyZbBdw9A12g=
golang.org/x/crypto v0.0.0-20210220033148-5ea612d1eb83/go.mod h1:jdWPYTVW3xRLrWPugEBEK3UY2ZEsg3UU495nc5E+M+I=
golang.org/x/image v0.0.0-20210220032944-ac19c3e999fb h1:fqpd0EBDzlHRCjiphRR5Zo/RSWWQlWv34418dnEixWk=
golang.org/x/image v0.0.0-20210220032944-ac19c3e999fb/go.mod h1:FeLwcggjj3mMvU+oOTbSwawSJRM1uh48EjtB4UJZlP0=
golang.org/x/mod v0.3.0 h1:RM4zey1++hCTbCVQfnWeKs9/IEsaBLA8vTkd0WVtmH4=
golang.org/x/mod v0.3.0/go.mod h1:s0Qsj1ACt9ePp/hMypM3fl4fZqREWJwdYDEqhRiZZUA=
golang.org/x/net v0.0.0-20180218175443-cbe0f9307d01/go.mod h1:mL1N/T3taQHkDXs73rZJwtUhF3w3ftmwwsq0BUmARs4=
golang.org/x/net v0.0.0-20190404232315-eb5bcb51f2a3/go.mod h1:t9HGtf8HONx5eT2rtn7q6eTqICYqUVnKs3thJo3Qplg=
golang.org/x/net v0.0.0-20190620200207-3b0461eec859/go.mod h1:z5CRVTTTmAJ677TzLLGU+0bjPO0LkuOLi4/5GtJWs/s=
golang.org/x/net v0.0.0-20200202094626-16171245cfb2/go.mod h1:z5CRVTTTmAJ677TzLLGU+0bjPO0LkuOLi4/5GtJWs/s=
golang.org/x/net v0.0.0-20201021035429-f5854403a974/go.mod h1:sp8m0HH+o8qH0wwXwYZr8TS3Oi6o0r6Gce1SSxlDquU=
golang.org/x/net v0.0.0-20210222171744-9060382bd457 h1:hMm9lBjyNLe/c9C6bElQxp4wsrleaJn1vXMZIQkNN44=
golang.org/x/net v0.0.0-20210222171744-9060382bd457/go.mod h1:m0MpNAwzfU5UDzcl9v0D8zg8gWTRqZa9RBIspLL5mdg=
golang.org/x/sync v0.0.0-20190423024810-112230192c58/go.mod h1:RxMgew5VJxzue5/jJTE5uejpjVlOe/izrB70Jof72aM=
golang.org/x/sync v0.0.0-20201020160332-67f06af15bc9/go.mod h1:RxMgew5VJxzue5/jJTE5uejpjVlOe/izrB70Jof72aM=
golang.org/x/sync v0.0.0-20210220032951-036812b2e83c h1:5KslGYwFpkhGh+Q16bwMP3cOontH8FOep7tGV86Y7SQ=
golang.org/x/sync v0.0.0-20210220032951-036812b2e83c/go.mod h1:RxMgew5VJxzue5/jJTE5uejpjVlOe/izrB70Jof72aM=
golang.org/x/sys v0.0.0-20190215142949-d0b11bdaac8a/go.mod h1:STP8DvDyc/dI5b8T5hshtkjS+E42TnysNCUPdjciGhY=
golang.org/x/sys v0.0.0-20190412213103-97732733099d/go.mod h1:h1NjWce9XRLGQEsW7wpKNCjG9DtNlClVuFLEZdDNbEs=
golang.org/x/sys v0.0.0-20191005200804-aed5e4c7ecf9/go.mod h1:h1NjWce9XRLGQEsW7wpKNCjG9DtNlClVuFLEZdDNbEs=
golang.org/x/sys v0.0.0-20191026070338-33540a1f6037/go.mod h1:h1NjWce9XRLGQEsW7wpKNCjG9DtNlClVuFLEZdDNbEs=
golang.org/x/sys v0.0.0-20191224085550-c709ea063b76/go.mod h1:h1NjWce9XRLGQEsW7wpKNCjG9DtNlClVuFLEZdDNbEs=
golang.org/x/sys v0.0.0-20200519105757-fe76b779f299/go.mod h1:h1NjWce9XRLGQEsW7wpKNCjG9DtNlClVuFLEZdDNbEs=
golang.org/x/sys v0.0.0-20200625212154-ddb9806d33ae/go.mod h1:h1NjWce9XRLGQEsW7wpKNCjG9DtNlClVuFLEZdDNbEs=
golang.org/x/sys v0.0.0-20200930185726-fdedc70b468f/go.mod h1:h1NjWce9XRLGQEsW7wpKNCjG9DtNlClVuFLEZdDNbEs=
golang.org/x/sys v0.0.0-20201119102817-f84b799fce68/go.mod h1:h1NjWce9XRLGQEsW7wpKNCjG9DtNlClVuFLEZdDNbEs=
golang.org/x/sys v0.0.0-20210119212857-b64e53b001e4 h1:myAQVi0cGEoqQVR5POX+8RR2mrocKqNN1hmeMqhX27k=
golang.org/x/sys v0.0.0-20210119212857-b64e53b001e4/go.mod h1:h1NjWce9XRLGQEsW7wpKNCjG9DtNlClVuFLEZdDNbEs=
golang.org/x/term v0.0.0-20201117132131-f5c789dd3221/go.mod h1:Nr5EML6q2oocZ2LXRh80K7BxOlk5/8JxuGnuhpl+muw=
golang.org/x/term v0.0.0-20201126162022-7de9c90e9dd1/go.mod h1:bj7SfCRtBDWHUb9snDiAeCFNEtKQo2Wmx5Cou7ajbmo=
golang.org/x/term v0.0.0-20210220032956-6a3ed077a48d h1:SZxvLBoTP5yHO3Frd4z4vrF+DBX9vMVanchswa69toE=
golang.org/x/term v0.0.0-20210220032956-6a3ed077a48d/go.mod h1:bj7SfCRtBDWHUb9snDiAeCFNEtKQo2Wmx5Cou7ajbmo=
golang.org/x/text v0.3.0/go.mod h1:NqM8EUOU14njkJ3fqMW+pc6Ldnwhi/IjpwHt7yyuwOQ=
golang.org/x/text v0.3.3 h1:cokOdA+Jmi5PJGXLlLllQSgYigAEfHXJAERHVMaCc2k=
golang.org/x/text v0.3.3/go.mod h1:5Zoc/QRtKVWzQhOtBMvqHzDpF6irO9z98xDceosuGiQ=
golang.org/x/tools v0.0.0-20180917221912-90fa682c2a6e/go.mod h1:n7NCudcB/nEzxVGmLbDWY5pfWTLqBcC2KZ6jyYvM4mQ=
golang.org/x/tools v0.0.0-20191119224855-298f0cb1881e/go.mod h1:b+2E5dAYhXwXZwtnZ6UAqBI28+e2cm9otk0dWdXHAEo=
golang.org/x/tools v0.1.0 h1:po9/4sTYwZU9lPhi1tOrb4hCv3qrhiQ77LZfGa2OjwY=
golang.org/x/tools v0.1.0/go.mod h1:xkSsbof2nBLbhDlRMhhhyNLN/zl3eTqcnHD5viDpcZ0=
golang.org/x/xerrors v0.0.0-20190717185122-a985d3407aa7/go.mod h1:I/5z698sn9Ka8TeJc9MKroUUfqBBauWjQqLJ2OPfmY0=
golang.org/x/xerrors v0.0.0-20191011141410-1b5146add898/go.mod h1:I/5z698sn9Ka8TeJc9MKroUUfqBBauWjQqLJ2OPfmY0=
golang.org/x/xerrors v0.0.0-20200804184101-5ec99f83aff1 h1:go1bK/D/BFZV2I8cIQd1NKEZ+0owSTG1fDTci4IqFcE=
golang.org/x/xerrors v0.0.0-20200804184101-5ec99f83aff1/go.mod h1:I/5z698sn9Ka8TeJc9MKroUUfqBBauWjQqLJ2OPfmY0=
gopkg.in/check.v1 v0.0.0-20161208181325-20d25e280405/go.mod h1:Co6ibVJAznAaIkqp8huTwlJQCZ016jof/cbN4VW5Yz0=
gopkg.in/yaml.v3 v3.0.0-20200313102051-9f266ea9e77c h1:dUUwHk2QECo/6vqA44rthZ8ie2QXMNeKRTHCNY2nXvo=
gopkg.in/yaml.v3 v3.0.0-20200313102051-9f266ea9e77c/go.mod h1:K4uyk7z7BCEPqu6E+C64Yfv1cQ7kz7rIZviUmN+EgEM=
honnef.co/go/tools v0.1.2 h1:SMdYLJl312RXuxXziCCHhRsp/tvct9cGKey0yv95tZM=
honnef.co/go/tools v0.1.2/go.mod h1:NgwopIslSNH47DimFoV78dnkksY2EFtX0ajyb3K/las=
zgo.at/blackmail v0.0.0-20200703094839-f1e44ef1dbb8 h1:EH+JcNhhh/daSO+EXnjn9oig/rbnn3+BNpC4i+CkFvs=
zgo.at/blackmail v0.0.0-20200703094839-f1e44ef1dbb8/go.mod h1:fKGBHQ4ObWXVRrjvrKrXl6Q6vMtiiB8A0NZDJnHYSH4=
zgo.at/errors v1.0.0 h1:q0QPU+LYa9SyMI6FFcImkpMBKcHGpiCishcKLUk59FU=
zgo.at/errors v1.0.0/go.mod h1:POfgvh1LafF2NZJk6buGYCIhcHWuR/miB3nndyf3ozs=
zgo.at/gadget v0.0.0-20210225052028-befd29935cb7 h1:OzMJ2EHOk7Qzl0YAZSq+GYk33XhjpMjbcBMTrkQ8xrk=
zgo.at/gadget v0.0.0-20210225052028-befd29935cb7/go.mod h1:1x0AKFOjKScVTzJh+V69Ku6hTwvEM56MlnKOtrjMwSo=
zgo.at/guru v1.1.0 h1:hvMLOzPnv7XApwJZgxvFxBA8wb6RGPUw9lz8kmq450g=
zgo.at/guru v1.1.0/go.mod h1:eltnfk6QwmM7ic3OLzmGMjEChP2iLuYXERyliREiA00=
zgo.at/isbot v0.0.0-20201217063241-a1aab44f6889 h1:80jNd8BRsWVEbIXtExGwVrR/9ck5XnwE08qfhbhBeSY=
zgo.at/isbot v0.0.0-20201217063241-a1aab44f6889/go.mod h1:/w+LTWbHsV7G5fT41VnwM0kTdk1H/prynfMqaxcBWjA=
zgo.at/json v0.0.0-20200627042140-d5025253667f h1:o4XL0oDtAzxN+mkVCti8MYz5nLNfbrl17I78rqLWQrk=
zgo.at/json v0.0.0-20200627042140-d5025253667f/go.mod h1:DUuNIRpNC7/cup+Gy0qhwQEjjlLFXXRZ04VnVv9bf3E=
zgo.at/tz v0.0.0-20201224084217-b40a2f90fff3 h1:o63D/IDzz022XfxoXUln9VpPZYWMKouruzOOi2677Ok=
zgo.at/tz v0.0.0-20201224084217-b40a2f90fff3/go.mod h1:A/XeaYjeMGoXptRB3EcR80tgir37tJnzCb6itDaHPxo=
zgo.at/zcache v1.0.1-0.20201224082040-4b746633475e h1:xeqK9kWHGW1Hed19DswC46zXoONf0C6ssrDddxb2b0Q=
zgo.at/zcache v1.0.1-0.20201224082040-4b746633475e/go.mod h1:xWQo2ha/bamTmx8CbfrZl9Nf8AoT5uNh2hWfbQi8TiE=
zgo.at/zdb v0.0.0-20210225035815-96c4e1992cc3 h1:2OHDri3800CKQpg2X7d5Y1AQuz6ThK5zvpMYzxSsUBQ=
zgo.at/zdb v0.0.0-20210225035815-96c4e1992cc3/go.mod h1:8RZIkaJBZO1qJ/pmD8wBxV3Qtf7i+QaL0uFhs3+UAbs=
zgo.at/zhttp v0.0.0-20210225150413-431f33304e9f h1:zG6DRFjt+KXa7LGGHR9ni9idEfNpFbwufa6je9SxL+g=
zgo.at/zhttp v0.0.0-20210225150413-431f33304e9f/go.mod h1:R+BeyY1a7C8dvPbp7RUIFogQQ4c6WIrvoko+sEwJqP0=
zgo.at/zli v0.0.0-20210102181013-33768b083e81 h1:sU7ikPg5evetx2ewkxx6EgNw38mYNNyqUxiK2Tm54dw=
zgo.at/zli v0.0.0-20210102181013-33768b083e81/go.mod h1:iCNHeIhEG9nQZsmEvf1BDpnQXvbYbUDvokRSwB434M8=
zgo.at/zlog v0.0.0-20201213081304-1dc74ce06e5f h1:ySpTSREDks0yr4Hu/52uelg+KFkYLP4Hf4tOB0po27g=
zgo.at/zlog v0.0.0-20201213081304-1dc74ce06e5f/go.mod h1:YkLAQZjLsp1RqWHn8SJokHzXyYU+6FZjM4GNY64IKME=
zgo.at/zstd v0.0.0-20201227115323-a0ab493434c7/go.mod h1:bQqcOgaRPCBT7lZ52Ksg9GF1xwi0L97E3AyvW3oGJYE=
zgo.at/zstd v0.0.0-20210225020238-e518c9ebf874/go.mod h1:bQqcOgaRPCBT7lZ52Ksg9GF1xwi0L97E3AyvW3oGJYE=
zgo.at/zstd v0.0.0-20210225035742-8cba6f19cb00 h1:krOCiXpbX5ul+ekO02ulC4eKjfecEkzqI+L3ULZvZ9o=
zgo.at/zstd v0.0.0-20210225035742-8cba6f19cb00/go.mod h1:bQqcOgaRPCBT7lZ52Ksg9GF1xwi0L97E3AyvW3oGJYE=
zgo.at/zstripe v1.0.0 h1:rfBrWEUpveYFZKNo4rdc3Fvhb9LEzbMIyL76EXAmXDk=
zgo.at/zstripe v1.0.0/go.mod h1:EqblFpMvXAhzZAUUt0EVom06EnN5+D5ESBTSOkwSwTY=
zgo.at/ztest v0.0.0-20200526130303-f59d60374e72 h1:eJi5pmYHERPsQ9a7Sw1HW8GXTVFWlHQ+EfZKSzx1Y+Y=
zgo.at/ztest v0.0.0-20200526130303-f59d60374e72/go.mod h1:xGKONSdBgBNBcHRbi+yY9xFSre7ip8gRsQBS9QW/J2I=
zgo.at/zvalidate v0.0.0-20201227171559-09b756b3b132 h1:Ea3vWWx8iU3ZEThnxyl6uznwgc9kppPVkNuPazwoyfY=
zgo.at/zvalidate v0.0.0-20201227171559-09b756b3b132/go.mod h1:mImsbmiaM1IACLiGYh0363nrUwmpW/5ws+s8rpxGVGs=
